{
  "name": "@next-cafeteria/quick-intro",
  "version": "1.0.0",
  "lockfileVersion": 3,
  "requires": true,
  "packages": {
    "": {
      "name": "@next-cafeteria/quick-intro",
      "version": "1.0.0",
      "license": "ISC",
      "dependencies": {
        "intro.js": ">=2.5.0",
        "intro.js-react": "^1.0.0",
        "pr": "^0.3.2"
      },
      "devDependencies": {
        "prettier": "2.8.8"
      },
      "peerDependencies": {
        "intro.js": ">=2.5.0",
        "react": ">=0.14.0"
      }
    },
    "node_modules/bluebird": {
      "version": "2.11.0",
      "resolved": "https://registry.npmjs.org/bluebird/-/bluebird-2.11.0.tgz",
      "integrity": "sha512-UfFSr22dmHPQqPP9XWHRhq+gWnHCYguQGkXQlbyPtW5qTnhFWA8/iXg765tH0cAjy7l/zPJ1aBTO0g5XgA7kvQ=="
    },
    "node_modules/intro.js": {
      "version": "7.0.1",
      "resolved": "https://registry.npmjs.org/intro.js/-/intro.js-7.0.1.tgz",
      "integrity": "sha512-1oqz6aOz9cGQ3CrtVYhCSo6AkjnXUn302kcIWLaZ3TI4kKssRXDwDSz4VRoGcfC1jN+WfaSJXRBrITz+QVEBzg=="
    },
    "node_modules/intro.js-react": {
      "version": "1.0.0",
      "resolved": "https://registry.npmjs.org/intro.js-react/-/intro.js-react-1.0.0.tgz",
      "integrity": "sha512-zR8pbTyX20RnCZpJMc0nuHBpsjcr1wFkj3ZookV6Ly4eE/LGpFTQwPsaA61Cryzwiy/tTFsusf4hPU9NpI9UOg==",
      "peerDependencies": {
        "intro.js": ">=2.5.0",
        "react": ">=0.14.0"
      }
    },
    "node_modules/js-tokens": {
      "version": "4.0.0",
      "resolved": "https://registry.npmjs.org/js-tokens/-/js-tokens-4.0.0.tgz",
      "integrity": "sha512-RdJUflcE3cUzKiMqQgsCu06FPu9UdIJO0beYbPhHN4k6apgJtifcoCtT9bcxOpYBtpD2kCM6Sbzg4CausW/PKQ==",
      "peer": true
    },
    "node_modules/loose-envify": {
      "version": "1.4.0",
      "resolved": "https://registry.npmjs.org/loose-envify/-/loose-envify-1.4.0.tgz",
      "integrity": "sha512-lyuxPGr/Wfhrlem2CL/UcnUc1zcqKAImBDzukY7Y5F/yQiNdko6+fRLevlw1HgMySw7f611UIY408EtxRSoK3Q==",
      "peer": true,
      "dependencies": {
        "js-tokens": "^3.0.0 || ^4.0.0"
      },
      "bin": {
        "loose-envify": "cli.js"
      }
    },
    "node_modules/polyfill-promise": {
      "version": "4.0.1",
      "resolved": "https://registry.npmjs.org/polyfill-promise/-/polyfill-promise-4.0.1.tgz",
      "integrity": "sha512-FUxvBZAq47X+r4YKKoKfGtk4RKUxKqY0Ni0/xBgwr3kutuwZrJBentc0aVbVIT20ybWALH0nyq50aq374zjrCw==",
      "dependencies": {
        "bluebird": "^2.9.27"
      }
    },
    "node_modules/pr": {
      "version": "0.3.2",
      "resolved": "https://registry.npmjs.org/pr/-/pr-0.3.2.tgz",
      "integrity": "sha512-6lg/AVh39s2LdQFmA4Wx1zKlQt5JlQY694G8VKEqcAVbVwyL5Ydheu2LVFcp1P0E4/YMj+98bZcRiSXZoQrc3g==",
      "dependencies": {
        "polyfill-promise": "^4.0.1"
      }
    },
    "node_modules/prettier": {
      "version": "2.8.8",
      "resolved": "https://registry.npmjs.org/prettier/-/prettier-2.8.8.tgz",
      "integrity": "sha512-tdN8qQGvNjw4CHbY+XXk0JgCXn9QiF21a55rBe5LJAU+kDyC4WQn4+awm2Xfk2lQMk5fKup9XgzTZtGkjBdP9Q==",
      "dev": true,
      "bin": {
        "prettier": "bin-prettier.js"
      },
      "engines": {
        "node": ">=10.13.0"
      },
      "funding": {
        "url": "https://github.com/prettier/prettier?sponsor=1"
      }
    },
    "node_modules/react": {
      "version": "18.2.0",
      "resolved": "https://registry.npmjs.org/react/-/react-18.2.0.tgz",
      "integrity": "sha512-/3IjMdb2L9QbBdWiW5e3P2/npwMBaU9mHCSCUzNln0ZCYbcfTsGbTJrU/kGemdH2IWmB2ioZ+zkxtmq6g09fGQ==",
      "peer": true,
      "dependencies": {
        "loose-envify": "^1.1.0"
      },
      "engines": {
        "node": ">=0.10.0"
      }
    }
  }
}
